PODS:
  - Alamofire (5.2.2)
  - Firebase/Auth (5.4.1):
    - Firebase/CoreOnly
    - FirebaseAuth (= 5.0.2)
  - Firebase/CoreOnly (5.4.1):
    - FirebaseCore (= 5.0.6)
  - FirebaseAuth (5.0.2):
    - FirebaseCore (~> 5.0)
    - GTMSessionFetcher/Core (~> 1.1)
  - FirebaseCore (5.0.6):
    - "GoogleToolboxForMac/NSData+zlib (~> 2.1)"
  - GoogleToolboxForMac/Defines (2.3.0)
  - "GoogleToolboxForMac/NSData+zlib (2.3.0)":
    - GoogleToolboxForMac/Defines (= 2.3.0)
  - GTMSessionFetcher/Core (1.5.0)
  - Merchant (0.1.2):
    - Merchant/Core (= 0.1.2)
  - Merchant/Core (0.1.2):
    - Alamofire (~> 5.0)

DEPENDENCIES:
  - Firebase/Auth
  - Merchant (from `~/Developer/iOS/Merchant`)

SPEC REPOS:
  trunk:
    - Alamofire
    - Firebase
    - FirebaseAuth
    - FirebaseCore
    - GoogleToolboxForMac
    - GTMSessionFetcher

EXTERNAL SOURCES:
  Merchant:
    :path: "~/Developer/iOS/Merchant"

SPEC CHECKSUMS:
  Alamofire: 814429acc853c6c54ff123fc3d2ef66803823ce0
  Firebase: 355bd535bfdacaa82a7fe8d9784115edefd6fc03
  FirebaseAuth: 096e457cdd4274412a66c4a35874787e411f5a03
  FirebaseCore: 4c28e3b9708ba48a765e76515f913a71596eb5dd
  GoogleToolboxForMac: 1350d40e86a76f7863928d63bcb0b89c84c521c5
  GTMSessionFetcher: b3503b20a988c4e20cc189aa798fd18220133f52
  Merchant: 8d136c79ce50cc0fa1e41fd77c144df2b386d8d0

PODFILE CHECKSUM: 63ef7fa82786b8455df2554d0c1affc052470658

COCOAPODS: 1.10.0
