PODS:
  - Alamofire (5.2.2)
  - FBSDKCoreKit (7.1.1):
    - FBSDKCoreKit/Basics (= 7.1.1)
    - FBSDKCoreKit/Core (= 7.1.1)
  - FBSDKCoreKit/Basics (7.1.1)
  - FBSDKCoreKit/Core (7.1.1):
    - FBSDKCoreKit/Basics
  - FBSDKLoginKit (7.1.1):
    - FBSDKLoginKit/Login (= 7.1.1)
  - FBSDKLoginKit/Login (7.1.1):
    - FBSDKCoreKit (~> 7.1.1)
  - Firebase/Auth (5.4.1):
    - Firebase/CoreOnly
    - FirebaseAuth (= 5.0.2)
  - Firebase/CoreOnly (5.4.1):
    - FirebaseCore (= 5.0.6)
  - FirebaseAuth (5.0.2):
    - FirebaseCore (~> 5.0)
    - GTMSessionFetcher/Core (~> 1.1)
  - FirebaseCore (5.0.6):
    - "GoogleToolboxForMac/NSData+zlib (~> 2.1)"
  - FirebaseUI/Auth (9.0.0):
    - Firebase/Auth
    - GoogleUtilities/UserDefaults
  - FirebaseUI/Facebook (9.0.0):
    - FBSDKLoginKit (~> 7.0)
    - FirebaseUI/Auth
  - FirebaseUI/Phone (9.0.0):
    - FirebaseUI/Auth
  - GoogleToolboxForMac/Defines (2.3.0)
  - "GoogleToolboxForMac/NSData+zlib (2.3.0)":
    - GoogleToolboxForMac/Defines (= 2.3.0)
  - GoogleUtilities/Environment (7.0.0):
    - PromisesObjC (~> 1.2)
  - GoogleUtilities/Logger (7.0.0):
    - GoogleUtilities/Environment
  - GoogleUtilities/UserDefaults (7.0.0):
    - GoogleUtilities/Logger
  - GTMSessionFetcher/Core (1.5.0)
  - Merchant (0.1.2):
    - Merchant/Core (= 0.1.2)
  - Merchant/Core (0.1.2):
    - Alamofire (~> 5.0)
  - PromisesObjC (1.2.11)

DEPENDENCIES:
  - Firebase/Auth
  - FirebaseUI/Facebook
  - FirebaseUI/Phone
  - Merchant (from `~/Developer/iOS/Merchant`)

SPEC REPOS:
  trunk:
    - Alamofire
    - FBSDKCoreKit
    - FBSDKLoginKit
    - Firebase
    - FirebaseAuth
    - FirebaseCore
    - FirebaseUI
    - GoogleToolboxForMac
    - GoogleUtilities
    - GTMSessionFetcher
    - PromisesObjC

EXTERNAL SOURCES:
  Merchant:
    :path: "~/Developer/iOS/Merchant"

SPEC CHECKSUMS:
  Alamofire: 814429acc853c6c54ff123fc3d2ef66803823ce0
  FBSDKCoreKit: b46507dc8b8cefed31d644e74d7cc30e2a715ef8
  FBSDKLoginKit: 1a61d79e2b25e2fc0d03dccab1e34b38bbdf2546
  Firebase: 355bd535bfdacaa82a7fe8d9784115edefd6fc03
  FirebaseAuth: 096e457cdd4274412a66c4a35874787e411f5a03
  FirebaseCore: 4c28e3b9708ba48a765e76515f913a71596eb5dd
  FirebaseUI: f0677a1cc235f6da602cbd5c9b5fbbd24544a6b3
  GoogleToolboxForMac: 1350d40e86a76f7863928d63bcb0b89c84c521c5
  GoogleUtilities: ffb2f4159f2c897c6e8992bd7fbcdef8a300589c
  GTMSessionFetcher: b3503b20a988c4e20cc189aa798fd18220133f52
  Merchant: 8d136c79ce50cc0fa1e41fd77c144df2b386d8d0
  PromisesObjC: 8c196f5a328c2cba3e74624585467a557dcb482f

PODFILE CHECKSUM: 9c2e2aa38999da6d7b7ee06e77dc8c43ae06e00a

COCOAPODS: 1.9.3
