// !$*UTF8*$!
{
	archiveVersion = 1;
	classes = {
	};
	objectVersion = 50;
	objects = {

/* Begin PBXBuildFile section */
		713549B1248BE45A0009EE6A /* UICollectionView+Elements.swift in Sources */ = {isa = PBXBuildFile; fileRef = 713549B0248BE45A0009EE6A /* UICollectionView+Elements.swift */; };
		713549B3248BE8F10009EE6A /* FeedCellPresenter.swift in Sources */ = {isa = PBXBuildFile; fileRef = 713549B2248BE8F10009EE6A /* FeedCellPresenter.swift */; };
		7157C21D24886DB400F0A7F0 /* HomeScreenRepository.swift in Sources */ = {isa = PBXBuildFile; fileRef = 7157C21C24886DB400F0A7F0 /* HomeScreenRepository.swift */; };
		7157C22024886E2100F0A7F0 /* BaseRepository.swift in Sources */ = {isa = PBXBuildFile; fileRef = 7157C21F24886E2100F0A7F0 /* BaseRepository.swift */; };
		7157C22524886EB300F0A7F0 /* AwehService.swift in Sources */ = {isa = PBXBuildFile; fileRef = 7157C22424886EB300F0A7F0 /* AwehService.swift */; };
		7157C2322488761900F0A7F0 /* SimpleDependencyInjector.swift in Sources */ = {isa = PBXBuildFile; fileRef = 7157C2312488761900F0A7F0 /* SimpleDependencyInjector.swift */; };
		7157C2342488766F00F0A7F0 /* NSLayoutConstraints+Elements.swift in Sources */ = {isa = PBXBuildFile; fileRef = 7157C2332488766F00F0A7F0 /* NSLayoutConstraints+Elements.swift */; };
		7162C60B24884BAB002D8ED4 /* HomeScreenPresenter.swift in Sources */ = {isa = PBXBuildFile; fileRef = 7162C60A24884BAB002D8ED4 /* HomeScreenPresenter.swift */; };
		7162C60D24884BBB002D8ED4 /* StatusViewModel.swift in Sources */ = {isa = PBXBuildFile; fileRef = 7162C60C24884BBB002D8ED4 /* StatusViewModel.swift */; };
		7162C61024886320002D8ED4 /* HomeScreenInteractor.swift in Sources */ = {isa = PBXBuildFile; fileRef = 7162C60F24886320002D8ED4 /* HomeScreenInteractor.swift */; };
		7162C6132488637F002D8ED4 /* Status.swift in Sources */ = {isa = PBXBuildFile; fileRef = 7162C6122488637F002D8ED4 /* Status.swift */; };
		7167C5C324959A9200B49096 /* ToastAlert.swift in Sources */ = {isa = PBXBuildFile; fileRef = 7167C5C224959A9200B49096 /* ToastAlert.swift */; };
		716DA6BB248C581F001B74E2 /* Theme+Elements.swift in Sources */ = {isa = PBXBuildFile; fileRef = 716DA6BA248C581F001B74E2 /* Theme+Elements.swift */; };
		716DA6C2248D7E55001B74E2 /* PostStatusViewController.swift in Sources */ = {isa = PBXBuildFile; fileRef = 716DA6C1248D7E55001B74E2 /* PostStatusViewController.swift */; };
		716DA6C4248D7E69001B74E2 /* PostStatusPresenter.swift in Sources */ = {isa = PBXBuildFile; fileRef = 716DA6C3248D7E69001B74E2 /* PostStatusPresenter.swift */; };
		716DA6CB248EE4D2001B74E2 /* UIViewController+Elements.swift in Sources */ = {isa = PBXBuildFile; fileRef = 716DA6CA248EE4D2001B74E2 /* UIViewController+Elements.swift */; };
		716DA6CE248EE57D001B74E2 /* MainCoordinator.swift in Sources */ = {isa = PBXBuildFile; fileRef = 716DA6CD248EE57D001B74E2 /* MainCoordinator.swift */; };
		7172D613248F0CC90083B7F6 /* PostStatusCoordinator.swift in Sources */ = {isa = PBXBuildFile; fileRef = 7172D612248F0CC90083B7F6 /* PostStatusCoordinator.swift */; };
		7172D615248F1E420083B7F6 /* PostStatusViewController.storyboard in Resources */ = {isa = PBXBuildFile; fileRef = 7172D614248F1E420083B7F6 /* PostStatusViewController.storyboard */; };
		7172D617248F2D700083B7F6 /* UIView+Elements.swift in Sources */ = {isa = PBXBuildFile; fileRef = 7172D616248F2D700083B7F6 /* UIView+Elements.swift */; };
		718BE80B2486BA8000CA328B /* AppDelegate.swift in Sources */ = {isa = PBXBuildFile; fileRef = 718BE80A2486BA8000CA328B /* AppDelegate.swift */; };
		718BE80D2486BA8000CA328B /* SceneDelegate.swift in Sources */ = {isa = PBXBuildFile; fileRef = 718BE80C2486BA8000CA328B /* SceneDelegate.swift */; };
		718BE80F2486BA8000CA328B /* FeedViewController.swift in Sources */ = {isa = PBXBuildFile; fileRef = 718BE80E2486BA8000CA328B /* FeedViewController.swift */; };
		718BE8122486BA8000CA328B /* FeedViewController.storyboard in Resources */ = {isa = PBXBuildFile; fileRef = 718BE8102486BA8000CA328B /* FeedViewController.storyboard */; };
		718BE8142486BA8200CA328B /* Assets.xcassets in Resources */ = {isa = PBXBuildFile; fileRef = 718BE8132486BA8200CA328B /* Assets.xcassets */; };
		718BE8172486BA8200CA328B /* LaunchScreen.storyboard in Resources */ = {isa = PBXBuildFile; fileRef = 718BE8152486BA8200CA328B /* LaunchScreen.storyboard */; };
		7198AC73249184B4002029CF /* PhotosCollectionViewController.storyboard in Resources */ = {isa = PBXBuildFile; fileRef = 7198AC72249184B4002029CF /* PhotosCollectionViewController.storyboard */; };
		7198AC76249186BE002029CF /* PhotosCollectionViewCell.swift in Sources */ = {isa = PBXBuildFile; fileRef = 7198AC74249186BE002029CF /* PhotosCollectionViewCell.swift */; };
		7198AC77249186BE002029CF /* PhotosCollectionViewCell.xib in Resources */ = {isa = PBXBuildFile; fileRef = 7198AC75249186BE002029CF /* PhotosCollectionViewCell.xib */; };
		7198AC7F24918B36002029CF /* PhotosCollectionViewPresenter.swift in Sources */ = {isa = PBXBuildFile; fileRef = 7198AC7E24918B36002029CF /* PhotosCollectionViewPresenter.swift */; };
		7198AC8124918BBD002029CF /* PhotosCollectionViewController.swift in Sources */ = {isa = PBXBuildFile; fileRef = 7198AC8024918BBD002029CF /* PhotosCollectionViewController.swift */; };
		7198AC8324918C1A002029CF /* PhotosCollectionViewModel.swift in Sources */ = {isa = PBXBuildFile; fileRef = 7198AC8224918C1A002029CF /* PhotosCollectionViewModel.swift */; };
		71D6BAE12495737100F4B5D8 /* AssetsHorizontalListView.swift in Sources */ = {isa = PBXBuildFile; fileRef = 71D6BAE02495737100F4B5D8 /* AssetsHorizontalListView.swift */; };
		71ECFDF82487066B00943917 /* FeedCollectionViewFlowLayout.swift in Sources */ = {isa = PBXBuildFile; fileRef = 71ECFDF72487066B00943917 /* FeedCollectionViewFlowLayout.swift */; };
		71ECFDFB2487187000943917 /* FeedCollectionViewCell.swift in Sources */ = {isa = PBXBuildFile; fileRef = 71ECFDF92487187000943917 /* FeedCollectionViewCell.swift */; };
		71ECFDFC2487187000943917 /* FeedCollectionViewCell.xib in Resources */ = {isa = PBXBuildFile; fileRef = 71ECFDFA2487187000943917 /* FeedCollectionViewCell.xib */; };
		71EECE8F249324A900902181 /* PhotosGalleryCoordinator.swift in Sources */ = {isa = PBXBuildFile; fileRef = 71EECE8E249324A900902181 /* PhotosGalleryCoordinator.swift */; };
		71EECE9C249440DD00902181 /* AssetViewController.swift in Sources */ = {isa = PBXBuildFile; fileRef = 71EECE9A249440DD00902181 /* AssetViewController.swift */; };
		71EECE9F2494410500902181 /* AssetViewController.storyboard in Resources */ = {isa = PBXBuildFile; fileRef = 71EECE9E2494410500902181 /* AssetViewController.storyboard */; };
		71EECEA52494738000902181 /* AssetDetailPresenter.swift in Sources */ = {isa = PBXBuildFile; fileRef = 71EECEA42494738000902181 /* AssetDetailPresenter.swift */; };
		FF3A507039947AD2A1A2C68A /* Pods_Aweh.framework in Frameworks */ = {isa = PBXBuildFile; fileRef = CBB762DF26E2E46FFACEB991 /* Pods_Aweh.framework */; };
/* End PBXBuildFile section */

/* Begin PBXFileReference section */
		265F7EC230D448B878C43061 /* Pods-Aweh.debug.xcconfig */ = {isa = PBXFileReference; includeInIndex = 1; lastKnownFileType = text.xcconfig; name = "Pods-Aweh.debug.xcconfig"; path = "Target Support Files/Pods-Aweh/Pods-Aweh.debug.xcconfig"; sourceTree = "<group>"; };
		713549B0248BE45A0009EE6A /* UICollectionView+Elements.swift */ = {isa = PBXFileReference; lastKnownFileType = sourcecode.swift; path = "UICollectionView+Elements.swift"; sourceTree = "<group>"; };
		713549B2248BE8F10009EE6A /* FeedCellPresenter.swift */ = {isa = PBXFileReference; lastKnownFileType = sourcecode.swift; path = FeedCellPresenter.swift; sourceTree = "<group>"; };
		7157C21C24886DB400F0A7F0 /* HomeScreenRepository.swift */ = {isa = PBXFileReference; lastKnownFileType = sourcecode.swift; path = HomeScreenRepository.swift; sourceTree = "<group>"; };
		7157C21F24886E2100F0A7F0 /* BaseRepository.swift */ = {isa = PBXFileReference; lastKnownFileType = sourcecode.swift; path = BaseRepository.swift; sourceTree = "<group>"; };
		7157C22424886EB300F0A7F0 /* AwehService.swift */ = {isa = PBXFileReference; lastKnownFileType = sourcecode.swift; path = AwehService.swift; sourceTree = "<group>"; };
		7157C2312488761900F0A7F0 /* SimpleDependencyInjector.swift */ = {isa = PBXFileReference; lastKnownFileType = sourcecode.swift; path = SimpleDependencyInjector.swift; sourceTree = "<group>"; };
		7157C2332488766F00F0A7F0 /* NSLayoutConstraints+Elements.swift */ = {isa = PBXFileReference; lastKnownFileType = sourcecode.swift; path = "NSLayoutConstraints+Elements.swift"; sourceTree = "<group>"; };
		7162C60A24884BAB002D8ED4 /* HomeScreenPresenter.swift */ = {isa = PBXFileReference; lastKnownFileType = sourcecode.swift; path = HomeScreenPresenter.swift; sourceTree = "<group>"; };
		7162C60C24884BBB002D8ED4 /* StatusViewModel.swift */ = {isa = PBXFileReference; lastKnownFileType = sourcecode.swift; path = StatusViewModel.swift; sourceTree = "<group>"; };
		7162C60F24886320002D8ED4 /* HomeScreenInteractor.swift */ = {isa = PBXFileReference; lastKnownFileType = sourcecode.swift; path = HomeScreenInteractor.swift; sourceTree = "<group>"; };
		7162C6122488637F002D8ED4 /* Status.swift */ = {isa = PBXFileReference; lastKnownFileType = sourcecode.swift; path = Status.swift; sourceTree = "<group>"; };
		7167C5C224959A9200B49096 /* ToastAlert.swift */ = {isa = PBXFileReference; lastKnownFileType = sourcecode.swift; path = ToastAlert.swift; sourceTree = "<group>"; };
		716DA6BA248C581F001B74E2 /* Theme+Elements.swift */ = {isa = PBXFileReference; lastKnownFileType = sourcecode.swift; path = "Theme+Elements.swift"; sourceTree = "<group>"; };
		716DA6C1248D7E55001B74E2 /* PostStatusViewController.swift */ = {isa = PBXFileReference; lastKnownFileType = sourcecode.swift; path = PostStatusViewController.swift; sourceTree = "<group>"; };
		716DA6C3248D7E69001B74E2 /* PostStatusPresenter.swift */ = {isa = PBXFileReference; lastKnownFileType = sourcecode.swift; path = PostStatusPresenter.swift; sourceTree = "<group>"; };
		716DA6CA248EE4D2001B74E2 /* UIViewController+Elements.swift */ = {isa = PBXFileReference; lastKnownFileType = sourcecode.swift; path = "UIViewController+Elements.swift"; sourceTree = "<group>"; };
		716DA6CD248EE57D001B74E2 /* MainCoordinator.swift */ = {isa = PBXFileReference; lastKnownFileType = sourcecode.swift; path = MainCoordinator.swift; sourceTree = "<group>"; };
		7172D612248F0CC90083B7F6 /* PostStatusCoordinator.swift */ = {isa = PBXFileReference; lastKnownFileType = sourcecode.swift; path = PostStatusCoordinator.swift; sourceTree = "<group>"; };
		7172D614248F1E420083B7F6 /* PostStatusViewController.storyboard */ = {isa = PBXFileReference; lastKnownFileType = file.storyboard; path = PostStatusViewController.storyboard; sourceTree = "<group>"; };
		7172D616248F2D700083B7F6 /* UIView+Elements.swift */ = {isa = PBXFileReference; lastKnownFileType = sourcecode.swift; path = "UIView+Elements.swift"; sourceTree = "<group>"; };
		718BE8072486BA8000CA328B /* Aweh.app */ = {isa = PBXFileReference; explicitFileType = wrapper.application; includeInIndex = 0; path = Aweh.app; sourceTree = BUILT_PRODUCTS_DIR; };
		718BE80A2486BA8000CA328B /* AppDelegate.swift */ = {isa = PBXFileReference; lastKnownFileType = sourcecode.swift; path = AppDelegate.swift; sourceTree = "<group>"; };
		718BE80C2486BA8000CA328B /* SceneDelegate.swift */ = {isa = PBXFileReference; lastKnownFileType = sourcecode.swift; path = SceneDelegate.swift; sourceTree = "<group>"; };
		718BE80E2486BA8000CA328B /* FeedViewController.swift */ = {isa = PBXFileReference; lastKnownFileType = sourcecode.swift; path = FeedViewController.swift; sourceTree = "<group>"; };
		718BE8112486BA8000CA328B /* Base */ = {isa = PBXFileReference; lastKnownFileType = file.storyboard; name = Base; path = Base.lproj/FeedViewController.storyboard; sourceTree = "<group>"; };
		718BE8132486BA8200CA328B /* Assets.xcassets */ = {isa = PBXFileReference; lastKnownFileType = folder.assetcatalog; path = Assets.xcassets; sourceTree = "<group>"; };
		718BE8162486BA8200CA328B /* Base */ = {isa = PBXFileReference; lastKnownFileType = file.storyboard; name = Base; path = Base.lproj/LaunchScreen.storyboard; sourceTree = "<group>"; };
		718BE8182486BA8200CA328B /* Info.plist */ = {isa = PBXFileReference; lastKnownFileType = text.plist.xml; path = Info.plist; sourceTree = "<group>"; };
		7198AC72249184B4002029CF /* PhotosCollectionViewController.storyboard */ = {isa = PBXFileReference; lastKnownFileType = file.storyboard; path = PhotosCollectionViewController.storyboard; sourceTree = "<group>"; };
		7198AC74249186BE002029CF /* PhotosCollectionViewCell.swift */ = {isa = PBXFileReference; lastKnownFileType = sourcecode.swift; path = PhotosCollectionViewCell.swift; sourceTree = "<group>"; };
		7198AC75249186BE002029CF /* PhotosCollectionViewCell.xib */ = {isa = PBXFileReference; lastKnownFileType = file.xib; path = PhotosCollectionViewCell.xib; sourceTree = "<group>"; };
		7198AC7E24918B36002029CF /* PhotosCollectionViewPresenter.swift */ = {isa = PBXFileReference; lastKnownFileType = sourcecode.swift; path = PhotosCollectionViewPresenter.swift; sourceTree = "<group>"; };
		7198AC8024918BBD002029CF /* PhotosCollectionViewController.swift */ = {isa = PBXFileReference; fileEncoding = 4; lastKnownFileType = sourcecode.swift; path = PhotosCollectionViewController.swift; sourceTree = "<group>"; };
		7198AC8224918C1A002029CF /* PhotosCollectionViewModel.swift */ = {isa = PBXFileReference; lastKnownFileType = sourcecode.swift; path = PhotosCollectionViewModel.swift; sourceTree = "<group>"; };
		71D6BAE02495737100F4B5D8 /* AssetsHorizontalListView.swift */ = {isa = PBXFileReference; lastKnownFileType = sourcecode.swift; path = AssetsHorizontalListView.swift; sourceTree = "<group>"; };
		71ECFDF72487066B00943917 /* FeedCollectionViewFlowLayout.swift */ = {isa = PBXFileReference; lastKnownFileType = sourcecode.swift; path = FeedCollectionViewFlowLayout.swift; sourceTree = "<group>"; };
		71ECFDF92487187000943917 /* FeedCollectionViewCell.swift */ = {isa = PBXFileReference; lastKnownFileType = sourcecode.swift; path = FeedCollectionViewCell.swift; sourceTree = "<group>"; };
		71ECFDFA2487187000943917 /* FeedCollectionViewCell.xib */ = {isa = PBXFileReference; lastKnownFileType = file.xib; path = FeedCollectionViewCell.xib; sourceTree = "<group>"; };
		71EECE8E249324A900902181 /* PhotosGalleryCoordinator.swift */ = {isa = PBXFileReference; lastKnownFileType = sourcecode.swift; path = PhotosGalleryCoordinator.swift; sourceTree = "<group>"; };
		71EECE9A249440DD00902181 /* AssetViewController.swift */ = {isa = PBXFileReference; lastKnownFileType = sourcecode.swift; path = AssetViewController.swift; sourceTree = "<group>"; };
		71EECE9E2494410500902181 /* AssetViewController.storyboard */ = {isa = PBXFileReference; lastKnownFileType = file.storyboard; path = AssetViewController.storyboard; sourceTree = "<group>"; };
		71EECEA42494738000902181 /* AssetDetailPresenter.swift */ = {isa = PBXFileReference; lastKnownFileType = sourcecode.swift; path = AssetDetailPresenter.swift; sourceTree = "<group>"; };
		B607C0A1A87FE1D0A8B4E53C /* Pods-Aweh.release.xcconfig */ = {isa = PBXFileReference; includeInIndex = 1; lastKnownFileType = text.xcconfig; name = "Pods-Aweh.release.xcconfig"; path = "Target Support Files/Pods-Aweh/Pods-Aweh.release.xcconfig"; sourceTree = "<group>"; };
		CBB762DF26E2E46FFACEB991 /* Pods_Aweh.framework */ = {isa = PBXFileReference; explicitFileType = wrapper.framework; includeInIndex = 0; path = Pods_Aweh.framework; sourceTree = BUILT_PRODUCTS_DIR; };
/* End PBXFileReference section */

/* Begin PBXFrameworksBuildPhase section */
		718BE8042486BA8000CA328B /* Frameworks */ = {
			isa = PBXFrameworksBuildPhase;
			buildActionMask = 2147483647;
			files = (
				FF3A507039947AD2A1A2C68A /* Pods_Aweh.framework in Frameworks */,
			);
			runOnlyForDeploymentPostprocessing = 0;
		};
/* End PBXFrameworksBuildPhase section */

/* Begin PBXGroup section */
		7157C21E24886E0700F0A7F0 /* Repository */ = {
			isa = PBXGroup;
			children = (
				716DA6BD248D7DBE001B74E2 /* HomeScreen */,
				7157C21F24886E2100F0A7F0 /* BaseRepository.swift */,
			);
			path = Repository;
			sourceTree = "<group>";
		};
		7157C22124886E8B00F0A7F0 /* Data */ = {
			isa = PBXGroup;
			children = (
				7157C22324886E9A00F0A7F0 /* Local */,
				7157C22224886E9100F0A7F0 /* Remote */,
			);
			path = Data;
			sourceTree = "<group>";
		};
		7157C22224886E9100F0A7F0 /* Remote */ = {
			isa = PBXGroup;
			children = (
				7157C22424886EB300F0A7F0 /* AwehService.swift */,
			);
			path = Remote;
			sourceTree = "<group>";
		};
		7157C22324886E9A00F0A7F0 /* Local */ = {
			isa = PBXGroup;
			children = (
			);
			path = Local;
			sourceTree = "<group>";
		};
		7157C22E24886FAE00F0A7F0 /* Feature */ = {
			isa = PBXGroup;
			children = (
				71D6BAE22495738200F4B5D8 /* AssetDetail */,
				7198AC7A24918A27002029CF /* PhotosGallery */,
				716DA6C5248D7E91001B74E2 /* Shared */,
				716DA6BE248D7E04001B74E2 /* PostStatus */,
				718BE81E2486BA9600CA328B /* HomeScreen */,
			);
			path = Feature;
			sourceTree = "<group>";
		};
		7157C22F248875EF00F0A7F0 /* Infrastructure */ = {
			isa = PBXGroup;
			children = (
				7157C230248875FF00F0A7F0 /* DI */,
				718BE81F2486BCE500CA328B /* Elements */,
			);
			path = Infrastructure;
			sourceTree = "<group>";
		};
		7157C230248875FF00F0A7F0 /* DI */ = {
			isa = PBXGroup;
			children = (
				7157C2312488761900F0A7F0 /* SimpleDependencyInjector.swift */,
			);
			path = DI;
			sourceTree = "<group>";
		};
		7162C60924884B93002D8ED4 /* Presenter */ = {
			isa = PBXGroup;
			children = (
				7162C60C24884BBB002D8ED4 /* StatusViewModel.swift */,
				7162C60A24884BAB002D8ED4 /* HomeScreenPresenter.swift */,
			);
			path = Presenter;
			sourceTree = "<group>";
		};
		7162C60E24886307002D8ED4 /* Interactor */ = {
			isa = PBXGroup;
			children = (
				716DA6BC248D7D76001B74E2 /* HomeScreen */,
				7162C60F24886320002D8ED4 /* HomeScreenInteractor.swift */,
			);
			path = Interactor;
			sourceTree = "<group>";
		};
		7162C61124886369002D8ED4 /* Entity */ = {
			isa = PBXGroup;
			children = (
				7162C6122488637F002D8ED4 /* Status.swift */,
			);
			path = Entity;
			sourceTree = "<group>";
		};
		7167C5C124959A7B00B49096 /* Toast */ = {
			isa = PBXGroup;
			children = (
				7167C5C224959A9200B49096 /* ToastAlert.swift */,
			);
			path = Toast;
			sourceTree = "<group>";
		};
		716DA6BC248D7D76001B74E2 /* HomeScreen */ = {
			isa = PBXGroup;
			children = (
			);
			path = HomeScreen;
			sourceTree = "<group>";
		};
		716DA6BD248D7DBE001B74E2 /* HomeScreen */ = {
			isa = PBXGroup;
			children = (
				7157C21C24886DB400F0A7F0 /* HomeScreenRepository.swift */,
			);
			path = HomeScreen;
			sourceTree = "<group>";
		};
		716DA6BE248D7E04001B74E2 /* PostStatus */ = {
			isa = PBXGroup;
			children = (
				7172D611248F0C650083B7F6 /* Coordinator */,
				716DA6C0248D7E2E001B74E2 /* View */,
				716DA6BF248D7E1C001B74E2 /* Presenter */,
			);
			path = PostStatus;
			sourceTree = "<group>";
		};
		716DA6BF248D7E1C001B74E2 /* Presenter */ = {
			isa = PBXGroup;
			children = (
				716DA6C3248D7E69001B74E2 /* PostStatusPresenter.swift */,
			);
			path = Presenter;
			sourceTree = "<group>";
		};
		716DA6C0248D7E2E001B74E2 /* View */ = {
			isa = PBXGroup;
			children = (
				71D6BADF249570C200F4B5D8 /* Widget */,
				7198AC6D249183F7002029CF /* ViewController */,
			);
			path = View;
			sourceTree = "<group>";
		};
		716DA6C5248D7E91001B74E2 /* Shared */ = {
			isa = PBXGroup;
			children = (
				7167C5C124959A7B00B49096 /* Toast */,
			);
			path = Shared;
			sourceTree = "<group>";
		};
		716DA6CC248EE55F001B74E2 /* Coordinator */ = {
			isa = PBXGroup;
			children = (
				716DA6CD248EE57D001B74E2 /* MainCoordinator.swift */,
			);
			path = Coordinator;
			sourceTree = "<group>";
		};
		7172D611248F0C650083B7F6 /* Coordinator */ = {
			isa = PBXGroup;
			children = (
				7172D612248F0CC90083B7F6 /* PostStatusCoordinator.swift */,
			);
			path = Coordinator;
			sourceTree = "<group>";
		};
		718BE7FE2486BA8000CA328B = {
			isa = PBXGroup;
			children = (
				718BE8092486BA8000CA328B /* Aweh */,
				718BE8082486BA8000CA328B /* Products */,
				8EBD9E0B790EE9692A460572 /* Pods */,
				E059DE5EBEECDCA4DB9AFA6B /* Frameworks */,
			);
			sourceTree = "<group>";
		};
		718BE8082486BA8000CA328B /* Products */ = {
			isa = PBXGroup;
			children = (
				718BE8072486BA8000CA328B /* Aweh.app */,
			);
			name = Products;
			sourceTree = "<group>";
		};
		718BE8092486BA8000CA328B /* Aweh */ = {
			isa = PBXGroup;
			children = (
				7157C22F248875EF00F0A7F0 /* Infrastructure */,
				7162C60E24886307002D8ED4 /* Interactor */,
				716DA6CC248EE55F001B74E2 /* Coordinator */,
				7157C22E24886FAE00F0A7F0 /* Feature */,
				7157C22124886E8B00F0A7F0 /* Data */,
				7157C21E24886E0700F0A7F0 /* Repository */,
				7162C61124886369002D8ED4 /* Entity */,
				718BE80A2486BA8000CA328B /* AppDelegate.swift */,
				718BE80C2486BA8000CA328B /* SceneDelegate.swift */,
				718BE8132486BA8200CA328B /* Assets.xcassets */,
				718BE8152486BA8200CA328B /* LaunchScreen.storyboard */,
				718BE8182486BA8200CA328B /* Info.plist */,
			);
			path = Aweh;
			sourceTree = "<group>";
		};
		718BE81E2486BA9600CA328B /* HomeScreen */ = {
			isa = PBXGroup;
			children = (
				7162C60924884B93002D8ED4 /* Presenter */,
				71C78E5424886A0000E29082 /* View */,
			);
			path = HomeScreen;
			sourceTree = "<group>";
		};
		718BE81F2486BCE500CA328B /* Elements */ = {
			isa = PBXGroup;
			children = (
				7157C2332488766F00F0A7F0 /* NSLayoutConstraints+Elements.swift */,
				713549B0248BE45A0009EE6A /* UICollectionView+Elements.swift */,
				716DA6BA248C581F001B74E2 /* Theme+Elements.swift */,
				716DA6CA248EE4D2001B74E2 /* UIViewController+Elements.swift */,
				7172D616248F2D700083B7F6 /* UIView+Elements.swift */,
			);
			path = Elements;
			sourceTree = "<group>";
		};
		7198AC6C249183DA002029CF /* CollectionView */ = {
			isa = PBXGroup;
			children = (
				7198AC74249186BE002029CF /* PhotosCollectionViewCell.swift */,
				7198AC75249186BE002029CF /* PhotosCollectionViewCell.xib */,
			);
			path = CollectionView;
			sourceTree = "<group>";
		};
		7198AC6D249183F7002029CF /* ViewController */ = {
			isa = PBXGroup;
			children = (
				716DA6C1248D7E55001B74E2 /* PostStatusViewController.swift */,
				7172D614248F1E420083B7F6 /* PostStatusViewController.storyboard */,
			);
			path = ViewController;
			sourceTree = "<group>";
		};
		7198AC78249189C9002029CF /* ViewController */ = {
			isa = PBXGroup;
			children = (
				71EECEA1249472F700902181 /* AssetDetail */,
				71EECEA0249472C500902181 /* PhotoGrid */,
			);
			path = ViewController;
			sourceTree = "<group>";
		};
		7198AC7A24918A27002029CF /* PhotosGallery */ = {
			isa = PBXGroup;
			children = (
				71EECE8D2493245600902181 /* Coordinator */,
				7198AC7B24918A96002029CF /* View */,
			);
			path = PhotosGallery;
			sourceTree = "<group>";
		};
		7198AC7B24918A96002029CF /* View */ = {
			isa = PBXGroup;
			children = (
				7198AC7D24918AF0002029CF /* Presenter */,
				7198AC6C249183DA002029CF /* CollectionView */,
				7198AC78249189C9002029CF /* ViewController */,
			);
			path = View;
			sourceTree = "<group>";
		};
		7198AC7D24918AF0002029CF /* Presenter */ = {
			isa = PBXGroup;
			children = (
				71EECEA32494736100902181 /* AssetDetail */,
				71EECEA22494734200902181 /* PhotoGrid */,
			);
			path = Presenter;
			sourceTree = "<group>";
		};
		71C78E5424886A0000E29082 /* View */ = {
			isa = PBXGroup;
			children = (
				71ECFDF62487060500943917 /* FeedCollectionView */,
				71ECFDF5248705F400943917 /* FeedViewController */,
			);
			path = View;
			sourceTree = "<group>";
		};
		71D6BADF249570C200F4B5D8 /* Widget */ = {
			isa = PBXGroup;
			children = (
				71D6BAE02495737100F4B5D8 /* AssetsHorizontalListView.swift */,
			);
			path = Widget;
			sourceTree = "<group>";
		};
		71D6BAE22495738200F4B5D8 /* AssetDetail */ = {
			isa = PBXGroup;
			children = (
			);
			path = AssetDetail;
			sourceTree = "<group>";
		};
		71ECFDF5248705F400943917 /* FeedViewController */ = {
			isa = PBXGroup;
			children = (
				718BE8102486BA8000CA328B /* FeedViewController.storyboard */,
				718BE80E2486BA8000CA328B /* FeedViewController.swift */,
			);
			path = FeedViewController;
			sourceTree = "<group>";
		};
		71ECFDF62487060500943917 /* FeedCollectionView */ = {
			isa = PBXGroup;
			children = (
				71ECFDF92487187000943917 /* FeedCollectionViewCell.swift */,
				71ECFDFA2487187000943917 /* FeedCollectionViewCell.xib */,
				71ECFDF72487066B00943917 /* FeedCollectionViewFlowLayout.swift */,
				713549B2248BE8F10009EE6A /* FeedCellPresenter.swift */,
			);
			path = FeedCollectionView;
			sourceTree = "<group>";
		};
		71EECE8D2493245600902181 /* Coordinator */ = {
			isa = PBXGroup;
			children = (
				71EECE8E249324A900902181 /* PhotosGalleryCoordinator.swift */,
			);
			path = Coordinator;
			sourceTree = "<group>";
		};
		71EECEA0249472C500902181 /* PhotoGrid */ = {
			isa = PBXGroup;
			children = (
				7198AC8024918BBD002029CF /* PhotosCollectionViewController.swift */,
				7198AC72249184B4002029CF /* PhotosCollectionViewController.storyboard */,
			);
			path = PhotoGrid;
			sourceTree = "<group>";
		};
		71EECEA1249472F700902181 /* AssetDetail */ = {
			isa = PBXGroup;
			children = (
				71EECE9A249440DD00902181 /* AssetViewController.swift */,
				71EECE9E2494410500902181 /* AssetViewController.storyboard */,
			);
			path = AssetDetail;
			sourceTree = "<group>";
		};
		71EECEA22494734200902181 /* PhotoGrid */ = {
			isa = PBXGroup;
			children = (
				7198AC7E24918B36002029CF /* PhotosCollectionViewPresenter.swift */,
				7198AC8224918C1A002029CF /* PhotosCollectionViewModel.swift */,
			);
			path = PhotoGrid;
			sourceTree = "<group>";
		};
		71EECEA32494736100902181 /* AssetDetail */ = {
			isa = PBXGroup;
			children = (
				71EECEA42494738000902181 /* AssetDetailPresenter.swift */,
			);
			path = AssetDetail;
			sourceTree = "<group>";
		};
		8EBD9E0B790EE9692A460572 /* Pods */ = {
			isa = PBXGroup;
			children = (
				265F7EC230D448B878C43061 /* Pods-Aweh.debug.xcconfig */,
				B607C0A1A87FE1D0A8B4E53C /* Pods-Aweh.release.xcconfig */,
			);
			path = Pods;
			sourceTree = "<group>";
		};
		E059DE5EBEECDCA4DB9AFA6B /* Frameworks */ = {
			isa = PBXGroup;
			children = (
				CBB762DF26E2E46FFACEB991 /* Pods_Aweh.framework */,
			);
			name = Frameworks;
			sourceTree = "<group>";
		};
/* End PBXGroup section */

/* Begin PBXNativeTarget section */
		718BE8062486BA8000CA328B /* Aweh */ = {
			isa = PBXNativeTarget;
			buildConfigurationList = 718BE81B2486BA8200CA328B /* Build configuration list for PBXNativeTarget "Aweh" */;
			buildPhases = (
				6255A4B8E85EB5CA79E07E14 /* [CP] Check Pods Manifest.lock */,
				718BE8032486BA8000CA328B /* Sources */,
				718BE8042486BA8000CA328B /* Frameworks */,
				718BE8052486BA8000CA328B /* Resources */,
			);
			buildRules = (
			);
			dependencies = (
			);
			name = Aweh;
			productName = Aweh;
			productReference = 718BE8072486BA8000CA328B /* Aweh.app */;
			productType = "com.apple.product-type.application";
		};
/* End PBXNativeTarget section */

/* Begin PBXProject section */
		718BE7FF2486BA8000CA328B /* Project object */ = {
			isa = PBXProject;
			attributes = {
				LastSwiftUpdateCheck = 1150;
				LastUpgradeCheck = 1150;
				ORGANIZATIONNAME = com.github.aweh;
				TargetAttributes = {
					718BE8062486BA8000CA328B = {
						CreatedOnToolsVersion = 11.5;
					};
				};
			};
			buildConfigurationList = 718BE8022486BA8000CA328B /* Build configuration list for PBXProject "Aweh" */;
			compatibilityVersion = "Xcode 9.3";
			developmentRegion = en;
			hasScannedForEncodings = 0;
			knownRegions = (
				en,
				Base,
			);
			mainGroup = 718BE7FE2486BA8000CA328B;
			productRefGroup = 718BE8082486BA8000CA328B /* Products */;
			projectDirPath = "";
			projectRoot = "";
			targets = (
				718BE8062486BA8000CA328B /* Aweh */,
			);
		};
/* End PBXProject section */

/* Begin PBXResourcesBuildPhase section */
		718BE8052486BA8000CA328B /* Resources */ = {
			isa = PBXResourcesBuildPhase;
			buildActionMask = 2147483647;
			files = (
				7198AC77249186BE002029CF /* PhotosCollectionViewCell.xib in Resources */,
				718BE8172486BA8200CA328B /* LaunchScreen.storyboard in Resources */,
				718BE8142486BA8200CA328B /* Assets.xcassets in Resources */,
				7172D615248F1E420083B7F6 /* PostStatusViewController.storyboard in Resources */,
				71EECE9F2494410500902181 /* AssetViewController.storyboard in Resources */,
				7198AC73249184B4002029CF /* PhotosCollectionViewController.storyboard in Resources */,
				71ECFDFC2487187000943917 /* FeedCollectionViewCell.xib in Resources */,
				718BE8122486BA8000CA328B /* FeedViewController.storyboard in Resources */,
			);
			runOnlyForDeploymentPostprocessing = 0;
		};
/* End PBXResourcesBuildPhase section */

/* Begin PBXShellScriptBuildPhase section */
		6255A4B8E85EB5CA79E07E14 /* [CP] Check Pods Manifest.lock */ = {
			isa = PBXShellScriptBuildPhase;
			buildActionMask = 2147483647;
			files = (
			);
			inputFileListPaths = (
			);
			inputPaths = (
				"${PODS_PODFILE_DIR_PATH}/Podfile.lock",
				"${PODS_ROOT}/Manifest.lock",
			);
			name = "[CP] Check Pods Manifest.lock";
			outputFileListPaths = (
			);
			outputPaths = (
				"$(DERIVED_FILE_DIR)/Pods-Aweh-checkManifestLockResult.txt",
			);
			runOnlyForDeploymentPostprocessing = 0;
			shellPath = /bin/sh;
			shellScript = "diff \"${PODS_PODFILE_DIR_PATH}/Podfile.lock\" \"${PODS_ROOT}/Manifest.lock\" > /dev/null\nif [ $? != 0 ] ; then\n    # print error to STDERR\n    echo \"error: The sandbox is not in sync with the Podfile.lock. Run 'pod install' or update your CocoaPods installation.\" >&2\n    exit 1\nfi\n# This output is used by Xcode 'outputs' to avoid re-running this script phase.\necho \"SUCCESS\" > \"${SCRIPT_OUTPUT_FILE_0}\"\n";
			showEnvVarsInLog = 0;
		};
/* End PBXShellScriptBuildPhase section */

/* Begin PBXSourcesBuildPhase section */
		718BE8032486BA8000CA328B /* Sources */ = {
			isa = PBXSourcesBuildPhase;
			buildActionMask = 2147483647;
			files = (
				7157C21D24886DB400F0A7F0 /* HomeScreenRepository.swift in Sources */,
				718BE80F2486BA8000CA328B /* FeedViewController.swift in Sources */,
				716DA6BB248C581F001B74E2 /* Theme+Elements.swift in Sources */,
				7172D617248F2D700083B7F6 /* UIView+Elements.swift in Sources */,
				7162C61024886320002D8ED4 /* HomeScreenInteractor.swift in Sources */,
				7198AC76249186BE002029CF /* PhotosCollectionViewCell.swift in Sources */,
				71EECE9C249440DD00902181 /* AssetViewController.swift in Sources */,
				716DA6CE248EE57D001B74E2 /* MainCoordinator.swift in Sources */,
				7162C60B24884BAB002D8ED4 /* HomeScreenPresenter.swift in Sources */,
				7162C60D24884BBB002D8ED4 /* StatusViewModel.swift in Sources */,
				7157C2342488766F00F0A7F0 /* NSLayoutConstraints+Elements.swift in Sources */,
				713549B1248BE45A0009EE6A /* UICollectionView+Elements.swift in Sources */,
				716DA6C4248D7E69001B74E2 /* PostStatusPresenter.swift in Sources */,
				7198AC7F24918B36002029CF /* PhotosCollectionViewPresenter.swift in Sources */,
				7167C5C324959A9200B49096 /* ToastAlert.swift in Sources */,
				7198AC8124918BBD002029CF /* PhotosCollectionViewController.swift in Sources */,
				71D6BAE12495737100F4B5D8 /* AssetsHorizontalListView.swift in Sources */,
				716DA6C2248D7E55001B74E2 /* PostStatusViewController.swift in Sources */,
				718BE80B2486BA8000CA328B /* AppDelegate.swift in Sources */,
				7157C22024886E2100F0A7F0 /* BaseRepository.swift in Sources */,
				7162C6132488637F002D8ED4 /* Status.swift in Sources */,
				71EECE8F249324A900902181 /* PhotosGalleryCoordinator.swift in Sources */,
				71ECFDFB2487187000943917 /* FeedCollectionViewCell.swift in Sources */,
				7157C2322488761900F0A7F0 /* SimpleDependencyInjector.swift in Sources */,
				71EECEA52494738000902181 /* AssetDetailPresenter.swift in Sources */,
				7172D613248F0CC90083B7F6 /* PostStatusCoordinator.swift in Sources */,
				71ECFDF82487066B00943917 /* FeedCollectionViewFlowLayout.swift in Sources */,
				713549B3248BE8F10009EE6A /* FeedCellPresenter.swift in Sources */,
				7157C22524886EB300F0A7F0 /* AwehService.swift in Sources */,
				7198AC8324918C1A002029CF /* PhotosCollectionViewModel.swift in Sources */,
				718BE80D2486BA8000CA328B /* SceneDelegate.swift in Sources */,
				716DA6CB248EE4D2001B74E2 /* UIViewController+Elements.swift in Sources */,
			);
			runOnlyForDeploymentPostprocessing = 0;
		};
/* End PBXSourcesBuildPhase section */

/* Begin PBXVariantGroup section */
		718BE8102486BA8000CA328B /* FeedViewController.storyboard */ = {
			isa = PBXVariantGroup;
			children = (
				718BE8112486BA8000CA328B /* Base */,
			);
			name = FeedViewController.storyboard;
			sourceTree = "<group>";
		};
		718BE8152486BA8200CA328B /* LaunchScreen.storyboard */ = {
			isa = PBXVariantGroup;
			children = (
				718BE8162486BA8200CA328B /* Base */,
			);
			name = LaunchScreen.storyboard;
			sourceTree = "<group>";
		};
/* End PBXVariantGroup section */

/* Begin XCBuildConfiguration section */
		718BE8192486BA8200CA328B /* Debug */ = {
			isa = XCBuildConfiguration;
			buildSettings = {
				ALWAYS_SEARCH_USER_PATHS = NO;
				CLANG_ANALYZER_NONNULL = YES;
				CLANG_ANALYZER_NUMBER_OBJECT_CONVERSION = YES_AGGRESSIVE;
				CLANG_CXX_LANGUAGE_STANDARD = "gnu++14";
				CLANG_CXX_LIBRARY = "libc++";
				CLANG_ENABLE_MODULES = YES;
				CLANG_ENABLE_OBJC_ARC = YES;
				CLANG_ENABLE_OBJC_WEAK = YES;
				CLANG_WARN_BLOCK_CAPTURE_AUTORELEASING = YES;
				CLANG_WARN_BOOL_CONVERSION = YES;
				CLANG_WARN_COMMA = YES;
				CLANG_WARN_CONSTANT_CONVERSION = YES;
				CLANG_WARN_DEPRECATED_OBJC_IMPLEMENTATIONS = YES;
				CLANG_WARN_DIRECT_OBJC_ISA_USAGE = YES_ERROR;
				CLANG_WARN_DOCUMENTATION_COMMENTS = YES;
				CLANG_WARN_EMPTY_BODY = YES;
				CLANG_WARN_ENUM_CONVERSION = YES;
				CLANG_WARN_INFINITE_RECURSION = YES;
				CLANG_WARN_INT_CONVERSION = YES;
				CLANG_WARN_NON_LITERAL_NULL_CONVERSION = YES;
				CLANG_WARN_OBJC_IMPLICIT_RETAIN_SELF = YES;
				CLANG_WARN_OBJC_LITERAL_CONVERSION = YES;
				CLANG_WARN_OBJC_ROOT_CLASS = YES_ERROR;
				CLANG_WARN_RANGE_LOOP_ANALYSIS = YES;
				CLANG_WARN_STRICT_PROTOTYPES = YES;
				CLANG_WARN_SUSPICIOUS_MOVE = YES;
				CLANG_WARN_UNGUARDED_AVAILABILITY = YES_AGGRESSIVE;
				CLANG_WARN_UNREACHABLE_CODE = YES;
				CLANG_WARN__DUPLICATE_METHOD_MATCH = YES;
				COPY_PHASE_STRIP = NO;
				DEBUG_INFORMATION_FORMAT = dwarf;
				ENABLE_STRICT_OBJC_MSGSEND = YES;
				ENABLE_TESTABILITY = YES;
				GCC_C_LANGUAGE_STANDARD = gnu11;
				GCC_DYNAMIC_NO_PIC = NO;
				GCC_NO_COMMON_BLOCKS = YES;
				GCC_OPTIMIZATION_LEVEL = 0;
				GCC_PREPROCESSOR_DEFINITIONS = (
					"DEBUG=1",
					"$(inherited)",
				);
				GCC_WARN_64_TO_32_BIT_CONVERSION = YES;
				GCC_WARN_ABOUT_RETURN_TYPE = YES_ERROR;
				GCC_WARN_UNDECLARED_SELECTOR = YES;
				GCC_WARN_UNINITIALIZED_AUTOS = YES_AGGRESSIVE;
				GCC_WARN_UNUSED_FUNCTION = YES;
				GCC_WARN_UNUSED_VARIABLE = YES;
				IPHONEOS_DEPLOYMENT_TARGET = 13.0;
				MTL_ENABLE_DEBUG_INFO = INCLUDE_SOURCE;
				MTL_FAST_MATH = YES;
				ONLY_ACTIVE_ARCH = YES;
				SDKROOT = iphoneos;
				SWIFT_ACTIVE_COMPILATION_CONDITIONS = DEBUG;
				SWIFT_OPTIMIZATION_LEVEL = "-Onone";
			};
			name = Debug;
		};
		718BE81A2486BA8200CA328B /* Release */ = {
			isa = XCBuildConfiguration;
			buildSettings = {
				ALWAYS_SEARCH_USER_PATHS = NO;
				CLANG_ANALYZER_NONNULL = YES;
				CLANG_ANALYZER_NUMBER_OBJECT_CONVERSION = YES_AGGRESSIVE;
				CLANG_CXX_LANGUAGE_STANDARD = "gnu++14";
				CLANG_CXX_LIBRARY = "libc++";
				CLANG_ENABLE_MODULES = YES;
				CLANG_ENABLE_OBJC_ARC = YES;
				CLANG_ENABLE_OBJC_WEAK = YES;
				CLANG_WARN_BLOCK_CAPTURE_AUTORELEASING = YES;
				CLANG_WARN_BOOL_CONVERSION = YES;
				CLANG_WARN_COMMA = YES;
				CLANG_WARN_CONSTANT_CONVERSION = YES;
				CLANG_WARN_DEPRECATED_OBJC_IMPLEMENTATIONS = YES;
				CLANG_WARN_DIRECT_OBJC_ISA_USAGE = YES_ERROR;
				CLANG_WARN_DOCUMENTATION_COMMENTS = YES;
				CLANG_WARN_EMPTY_BODY = YES;
				CLANG_WARN_ENUM_CONVERSION = YES;
				CLANG_WARN_INFINITE_RECURSION = YES;
				CLANG_WARN_INT_CONVERSION = YES;
				CLANG_WARN_NON_LITERAL_NULL_CONVERSION = YES;
				CLANG_WARN_OBJC_IMPLICIT_RETAIN_SELF = YES;
				CLANG_WARN_OBJC_LITERAL_CONVERSION = YES;
				CLANG_WARN_OBJC_ROOT_CLASS = YES_ERROR;
				CLANG_WARN_RANGE_LOOP_ANALYSIS = YES;
				CLANG_WARN_STRICT_PROTOTYPES = YES;
				CLANG_WARN_SUSPICIOUS_MOVE = YES;
				CLANG_WARN_UNGUARDED_AVAILABILITY = YES_AGGRESSIVE;
				CLANG_WARN_UNREACHABLE_CODE = YES;
				CLANG_WARN__DUPLICATE_METHOD_MATCH = YES;
				COPY_PHASE_STRIP = NO;
				DEBUG_INFORMATION_FORMAT = "dwarf-with-dsym";
				ENABLE_NS_ASSERTIONS = NO;
				ENABLE_STRICT_OBJC_MSGSEND = YES;
				GCC_C_LANGUAGE_STANDARD = gnu11;
				GCC_NO_COMMON_BLOCKS = YES;
				GCC_WARN_64_TO_32_BIT_CONVERSION = YES;
				GCC_WARN_ABOUT_RETURN_TYPE = YES_ERROR;
				GCC_WARN_UNDECLARED_SELECTOR = YES;
				GCC_WARN_UNINITIALIZED_AUTOS = YES_AGGRESSIVE;
				GCC_WARN_UNUSED_FUNCTION = YES;
				GCC_WARN_UNUSED_VARIABLE = YES;
				IPHONEOS_DEPLOYMENT_TARGET = 13.0;
				MTL_ENABLE_DEBUG_INFO = NO;
				MTL_FAST_MATH = YES;
				SDKROOT = iphoneos;
				SWIFT_COMPILATION_MODE = wholemodule;
				SWIFT_OPTIMIZATION_LEVEL = "-O";
				VALIDATE_PRODUCT = YES;
			};
			name = Release;
		};
		718BE81C2486BA8200CA328B /* Debug */ = {
			isa = XCBuildConfiguration;
			baseConfigurationReference = 265F7EC230D448B878C43061 /* Pods-Aweh.debug.xcconfig */;
			buildSettings = {
				ASSETCATALOG_COMPILER_APPICON_NAME = AppIcon;
				CODE_SIGN_STYLE = Automatic;
				DEVELOPMENT_TEAM = ZZ665983F9;
				INFOPLIST_FILE = Aweh/Info.plist;
				LD_RUNPATH_SEARCH_PATHS = (
					"$(inherited)",
					"@executable_path/Frameworks",
				);
				PRODUCT_BUNDLE_IDENTIFIER = Aweh.Aweh;
				PRODUCT_NAME = "$(TARGET_NAME)";
				SWIFT_VERSION = 5.0;
				TARGETED_DEVICE_FAMILY = "1,2";
			};
			name = Debug;
		};
		718BE81D2486BA8200CA328B /* Release */ = {
			isa = XCBuildConfiguration;
			baseConfigurationReference = B607C0A1A87FE1D0A8B4E53C /* Pods-Aweh.release.xcconfig */;
			buildSettings = {
				ASSETCATALOG_COMPILER_APPICON_NAME = AppIcon;
				CODE_SIGN_STYLE = Automatic;
				DEVELOPMENT_TEAM = ZZ665983F9;
				INFOPLIST_FILE = Aweh/Info.plist;
				LD_RUNPATH_SEARCH_PATHS = (
					"$(inherited)",
					"@executable_path/Frameworks",
				);
				PRODUCT_BUNDLE_IDENTIFIER = Aweh.Aweh;
				PRODUCT_NAME = "$(TARGET_NAME)";
				SWIFT_VERSION = 5.0;
				TARGETED_DEVICE_FAMILY = "1,2";
			};
			name = Release;
		};
/* End XCBuildConfiguration section */

/* Begin XCConfigurationList section */
		718BE8022486BA8000CA328B /* Build configuration list for PBXProject "Aweh" */ = {
			isa = XCConfigurationList;
			buildConfigurations = (
				718BE8192486BA8200CA328B /* Debug */,
				718BE81A2486BA8200CA328B /* Release */,
			);
			defaultConfigurationIsVisible = 0;
			defaultConfigurationName = Release;
		};
		718BE81B2486BA8200CA328B /* Build configuration list for PBXNativeTarget "Aweh" */ = {
			isa = XCConfigurationList;
			buildConfigurations = (
				718BE81C2486BA8200CA328B /* Debug */,
				718BE81D2486BA8200CA328B /* Release */,
			);
			defaultConfigurationIsVisible = 0;
			defaultConfigurationName = Release;
		};
/* End XCConfigurationList section */
	};
	rootObject = 718BE7FF2486BA8000CA328B /* Project object */;
}
