{
  "object": {
    "pins": [
      {
        "package": "Alamofire",
        "repositoryURL": "https://github.com/Alamofire/Alamofire.git",
        "state": {
          "branch": null,
          "revision": "eaf6e622dd41b07b251d8f01752eab31bc811493",
          "version": "5.4.1"
        }
      },
      {
        "package": "Merchant",
        "repositoryURL": "/Users/divine.dube/Developer/iOS/Merchant",
        "state": {
          "branch": null,
          "revision": "22384992dbcf7ff359c10286faf499faa967f9dd",
          "version": null
        }
      },
      {
        "package": "Mocker",
        "repositoryURL": "https://github.com/WeTransfer/Mocker.git",
        "state": {
          "branch": null,
          "revision": "8ff37ffda243669ba7827f639f91f99b53fa4b49",
          "version": "2.4.0"
        }
      }
    ]
  },
  "version": 1
}
